
Microsoft Visual Studio Solution File, Format Version 12.00
# Visual Studio 15
Project("{FAE04EC0-301F-11D3-BF4B-00C04F79EFBC}") = "UnityEngine.TestRunner", "UnityEngine.TestRunner.csproj", "{442C4E98-CA3A-F4EE-E921-FBCEB2413175}"
EndProject
Project("{FAE04EC0-301F-11D3-BF4B-00C04F79EFBC}") = "UnityEngine.UI", "UnityEngine.UI.csproj", "{E2901743-82BA-BEDA-E799-59F76B68A54E}"
EndProject
Project("{FAE04EC0-301F-11D3-BF4B-00C04F79EFBC}") = "Unity.VisualScripting.Flow", "Unity.VisualScripting.Flow.csproj", "{8573D7BE-FDA2-B084-6E33-035C6CAF27FD}"
EndProject
Project("{FAE04EC0-301F-11D3-BF4B-00C04F79EFBC}") = "Unity.Services.Core.Telemetry", "Unity.Services.Core.Telemetry.csproj", "{8B82A022-853C-5A64-00C6-C7B99CEB3616}"
EndProject
Project("{FAE04EC0-301F-11D3-BF4B-00C04F79EFBC}") = "Unity.VisualScripting.State", "Unity.VisualScripting.State.csproj", "{636F21ED-16AB-A986-454F-6AEED45E5EBD}"
EndProject
Project("{FAE04EC0-301F-11D3-BF4B-00C04F79EFBC}") = "Unity.VisualScripting.Core", "Unity.VisualScripting.Core.csproj", "{00EC33B6-9706-491A-801C-2B6737859239}"
EndProject
Project("{FAE04EC0-301F-11D3-BF4B-00C04F79EFBC}") = "Unity.Services.Core.Environments.Internal", "Unity.Services.Core.Environments.Internal.csproj", "{512EBA60-E81B-2D1A-4271-1C676571A867}"
EndProject
Project("{FAE04EC0-301F-11D3-BF4B-00C04F79EFBC}") = "Unity.TextMeshPro", "Unity.TextMeshPro.csproj", "{76991018-179F-C366-0D2D-154329BD6231}"
EndProject
Project("{FAE04EC0-301F-11D3-BF4B-00C04F79EFBC}") = "Unity.Timeline", "Unity.Timeline.csproj", "{CA85D5A2-D4E9-14C4-0B12-5C8B3307BBA6}"
EndProject
Project("{FAE04EC0-301F-11D3-BF4B-00C04F79EFBC}") = "Unity.Services.Core", "Unity.Services.Core.csproj", "{1D9B4A94-DE1A-579D-598E-16CEFB70A772}"
EndProject
Project("{FAE04EC0-301F-11D3-BF4B-00C04F79EFBC}") = "Unity.Services.Core.Environments", "Unity.Services.Core.Environments.csproj", "{A96D3316-7A0C-BAAB-A4C2-6C86604EDDF2}"
EndProject
Project("{FAE04EC0-301F-11D3-BF4B-00C04F79EFBC}") = "Unity.Services.Core.Internal", "Unity.Services.Core.Internal.csproj", "{EE138C8D-BC55-FE9F-1C81-06F202CF7A8F}"
EndProject
Project("{FAE04EC0-301F-11D3-BF4B-00C04F79EFBC}") = "Unity.Services.Core.Analytics", "Unity.Services.Core.Analytics.csproj", "{1736CA91-50A7-5E88-4C5D-437A3E6B1033}"
EndProject
Project("{FAE04EC0-301F-11D3-BF4B-00C04F79EFBC}") = "Unity.Services.Core.Scheduler", "Unity.Services.Core.Scheduler.csproj", "{E7EB8A68-7A22-F819-41EE-297CD1384F69}"
EndProject
Project("{FAE04EC0-301F-11D3-BF4B-00C04F79EFBC}") = "Unity.Services.Core.Registration", "Unity.Services.Core.Registration.csproj", "{6ECB463E-9054-595B-0BF3-056E83A2C91B}"
EndProject
Project("{FAE04EC0-301F-11D3-BF4B-00C04F79EFBC}") = "Unity.Services.Core.Device", "Unity.Services.Core.Device.csproj", "{48805E46-6013-A51A-6121-18AE3B107B8E}"
EndProject
Project("{FAE04EC0-301F-11D3-BF4B-00C04F79EFBC}") = "Unity.Services.Core.Threading", "Unity.Services.Core.Threading.csproj", "{7C88EEE1-AC03-C718-2164-CE1788455895}"
EndProject
Project("{FAE04EC0-301F-11D3-BF4B-00C04F79EFBC}") = "Unity.Services.Core.Networking", "Unity.Services.Core.Networking.csproj", "{C74FEC7B-9B66-32D2-092C-76567451E8EE}"
EndProject
Project("{FAE04EC0-301F-11D3-BF4B-00C04F79EFBC}") = "Unity.Services.Core.Configuration", "Unity.Services.Core.Configuration.csproj", "{E35F8313-A61A-E1EE-81AE-D57C4178B6AE}"
EndProject
Project("{FAE04EC0-301F-11D3-BF4B-00C04F79EFBC}") = "Unity.PlasticSCM.Editor", "Unity.PlasticSCM.Editor.csproj", "{2FD47990-DD06-355E-F56C-51D49DEFE4B8}"
EndProject
Project("{FAE04EC0-301F-11D3-BF4B-00C04F79EFBC}") = "Unity.VisualScripting.Core.Editor", "Unity.VisualScripting.Core.Editor.csproj", "{7109CE42-90E2-C644-F662-4172FDC1FABC}"
EndProject
Project("{FAE04EC0-301F-11D3-BF4B-00C04F79EFBC}") = "Unity.VisualScripting.Flow.Editor", "Unity.VisualScripting.Flow.Editor.csproj", "{ABBF2115-3D6D-278D-6491-F9FF32F15D98}"
EndProject
Project("{FAE04EC0-301F-11D3-BF4B-00C04F79EFBC}") = "Unity.VisualStudio.Editor", "Unity.VisualStudio.Editor.csproj", "{403EE4E7-D28E-8FFA-2707-71DC84839E19}"
EndProject
Project("{FAE04EC0-301F-11D3-BF4B-00C04F79EFBC}") = "Unity.Timeline.Editor", "Unity.Timeline.Editor.csproj", "{30F01882-1C76-EC01-018D-75F96E70FC91}"
EndProject
Project("{FAE04EC0-301F-11D3-BF4B-00C04F79EFBC}") = "Unity.VisualScripting.State.Editor", "Unity.VisualScripting.State.Editor.csproj", "{4C586DB3-1C70-4867-4587-8BBDD7E5C8E7}"
EndProject
Project("{FAE04EC0-301F-11D3-BF4B-00C04F79EFBC}") = "Unity.TextMeshPro.Editor", "Unity.TextMeshPro.Editor.csproj", "{B3AE4CE8-8037-4302-CD94-7ACAF89D8EEF}"
EndProject
Project("{FAE04EC0-301F-11D3-BF4B-00C04F79EFBC}") = "Unity.VisualScripting.SettingsProvider.Editor", "Unity.VisualScripting.SettingsProvider.Editor.csproj", "{4D46F5AE-5ECA-C7BC-6BA1-6A4B76BE1ABE}"
EndProject
Project("{FAE04EC0-301F-11D3-BF4B-00C04F79EFBC}") = "Unity.CollabProxy.Editor", "Unity.CollabProxy.Editor.csproj", "{6829B795-75D1-39F2-6F33-462C175CBE36}"
EndProject
Project("{FAE04EC0-301F-11D3-BF4B-00C04F79EFBC}") = "UnityEditor.TestRunner", "UnityEditor.TestRunner.csproj", "{F3DD38D3-3BAD-69FF-2F1D-2DEE8BA3B08D}"
EndProject
Project("{FAE04EC0-301F-11D3-BF4B-00C04F79EFBC}") = "Unity.Services.Core.Editor", "Unity.Services.Core.Editor.csproj", "{C7AD27A2-7F21-7665-515B-B6F5360E4E25}"
EndProject
Project("{FAE04EC0-301F-11D3-BF4B-00C04F79EFBC}") = "Unity.TestTools.CodeCoverage.Editor", "Unity.TestTools.CodeCoverage.Editor.csproj", "{DFDB983D-1903-B400-6F72-6AFA72335402}"
EndProject
Project("{FAE04EC0-301F-11D3-BF4B-00C04F79EFBC}") = "Unity.Rider.Editor", "Unity.Rider.Editor.csproj", "{D7863C4A-12B8-CE1C-D2AB-BA892A26B606}"
EndProject
Project("{FAE04EC0-301F-11D3-BF4B-00C04F79EFBC}") = "Unity.Performance.Profile-Analyzer.Editor", "Unity.Performance.Profile-Analyzer.Editor.csproj", "{63FD95BB-E401-52AF-699E-E85FA0F730F9}"
EndProject
Project("{FAE04EC0-301F-11D3-BF4B-00C04F79EFBC}") = "Unity.VSCode.Editor", "Unity.VSCode.Editor.csproj", "{15210F7A-F1DB-2426-E706-FD1F91BC6CDE}"
EndProject
Project("{FAE04EC0-301F-11D3-BF4B-00C04F79EFBC}") = "UnityEditor.UI", "UnityEditor.UI.csproj", "{00E9D7AC-0A38-C25E-4A63-34710EDF5515}"
EndProject
Project("{FAE04EC0-301F-11D3-BF4B-00C04F79EFBC}") = "Unity.TestTools.CodeCoverage.Editor.OpenCover.Model", "Unity.TestTools.CodeCoverage.Editor.OpenCover.Model.csproj", "{137D160E-DD88-A253-0B77-38ED17439089}"
EndProject
Project("{FAE04EC0-301F-11D3-BF4B-00C04F79EFBC}") = "Unity.EditorCoroutines.Editor", "Unity.EditorCoroutines.Editor.csproj", "{D650A94D-332B-63BF-6258-A2A30DC704B4}"
EndProject
Project("{FAE04EC0-301F-11D3-BF4B-00C04F79EFBC}") = "Unity.Settings.Editor", "Unity.Settings.Editor.csproj", "{56D28CEC-0B10-C804-EF12-DB60F07A6DFE}"
EndProject
Project("{FAE04EC0-301F-11D3-BF4B-00C04F79EFBC}") = "Unity.Services.Core.Configuration.Editor", "Unity.Services.Core.Configuration.Editor.csproj", "{72BA2F72-71E1-B23A-4E59-BF1BB7BA3B7A}"
EndProject
Project("{FAE04EC0-301F-11D3-BF4B-00C04F79EFBC}") = "Unity.TestTools.CodeCoverage.Editor.OpenCover.Mono.Reflection", "Unity.TestTools.CodeCoverage.Editor.OpenCover.Mono.Reflection.csproj", "{FC1C3B27-3EEE-FE11-D6C9-FD9B96AD4F32}"
EndProject
Project("{FAE04EC0-301F-11D3-BF4B-00C04F79EFBC}") = "Unity.VisualScripting.Shared.Editor", "Unity.VisualScripting.Shared.Editor.csproj", "{BA57D7AD-19C3-AF43-DE7E-D60CA0AAD502}"
EndProject
Project("{FAE04EC0-301F-11D3-BF4B-00C04F79EFBC}") = "UnityEngine.TestRunner", "UnityEngine.TestRunner.Player.csproj", "{6B1CCD71-69A7-9D4C-02D1-1710C519A498}"
EndProject
Project("{FAE04EC0-301F-11D3-BF4B-00C04F79EFBC}") = "UnityEngine.UI", "UnityEngine.UI.Player.csproj", "{EDCBE99B-865F-9CD6-8FD7-010A94F5EF7E}"
EndProject
Project("{FAE04EC0-301F-11D3-BF4B-00C04F79EFBC}") = "Unity.VisualScripting.Flow", "Unity.VisualScripting.Flow.Player.csproj", "{B6376DCA-0D54-C15D-39C8-0DF734E66565}"
EndProject
Project("{FAE04EC0-301F-11D3-BF4B-00C04F79EFBC}") = "Unity.Services.Core.Telemetry", "Unity.Services.Core.Telemetry.Player.csproj", "{66422020-5D27-C445-0205-41C78D88A526}"
EndProject
Project("{FAE04EC0-301F-11D3-BF4B-00C04F79EFBC}") = "Unity.VisualScripting.State", "Unity.VisualScripting.State.Player.csproj", "{8C4E8F61-8237-26D2-D070-44DDAE5945E7}"
EndProject
Project("{FAE04EC0-301F-11D3-BF4B-00C04F79EFBC}") = "Unity.VisualScripting.Core", "Unity.VisualScripting.Core.Player.csproj", "{CE20AA4D-F3FB-4008-3943-CDEA8DD37A70}"
EndProject
Project("{FAE04EC0-301F-11D3-BF4B-00C04F79EFBC}") = "Unity.Services.Core.Environments.Internal", "Unity.Services.Core.Environments.Internal.Player.csproj", "{CF10D0A0-806A-BA39-4E64-A2EBFC5D99C9}"
EndProject
Project("{FAE04EC0-301F-11D3-BF4B-00C04F79EFBC}") = "Unity.TextMeshPro", "Unity.TextMeshPro.Player.csproj", "{A92A570B-FD9E-6B2F-C143-3AB4FE8D8254}"
EndProject
Project("{FAE04EC0-301F-11D3-BF4B-00C04F79EFBC}") = "Unity.Timeline", "Unity.Timeline.Player.csproj", "{CC6B6B38-BEBC-C6EF-2B6F-833C461CD172}"
EndProject
Project("{FAE04EC0-301F-11D3-BF4B-00C04F79EFBC}") = "Unity.Services.Core", "Unity.Services.Core.Player.csproj", "{EC54C2F4-1600-056B-5B9A-54304D963B2D}"
EndProject
Project("{FAE04EC0-301F-11D3-BF4B-00C04F79EFBC}") = "Unity.Services.Core.Environments", "Unity.Services.Core.Environments.Player.csproj", "{3D14C321-4028-8D7D-4A45-E73B18F1C669}"
EndProject
Project("{FAE04EC0-301F-11D3-BF4B-00C04F79EFBC}") = "Unity.Services.Core.Internal", "Unity.Services.Core.Internal.Player.csproj", "{39BC34A9-3C9A-2526-CF30-B1E67F882D05}"
EndProject
Project("{FAE04EC0-301F-11D3-BF4B-00C04F79EFBC}") = "Unity.Services.Core.Analytics", "Unity.Services.Core.Analytics.Player.csproj", "{94F6E51B-4E3E-9BDB-CA8D-320E063CE85F}"
EndProject
Project("{FAE04EC0-301F-11D3-BF4B-00C04F79EFBC}") = "Unity.Services.Core.Scheduler", "Unity.Services.Core.Scheduler.Player.csproj", "{3EBB81BD-ECEE-EFBE-89EA-AEA30E70842B}"
EndProject
Project("{FAE04EC0-301F-11D3-BF4B-00C04F79EFBC}") = "Unity.Services.Core.Registration", "Unity.Services.Core.Registration.Player.csproj", "{8E36221A-C32C-A162-3ED3-7C42C1A6111B}"
EndProject
Project("{FAE04EC0-301F-11D3-BF4B-00C04F79EFBC}") = "Unity.Services.Core.Device", "Unity.Services.Core.Device.Player.csproj", "{72EA941B-1BBD-657E-0CB5-4C4FB06A4A8D}"
EndProject
Project("{FAE04EC0-301F-11D3-BF4B-00C04F79EFBC}") = "Unity.Services.Core.Threading", "Unity.Services.Core.Threading.Player.csproj", "{CDB4D926-4BF6-11DA-99DF-DD82EDA10BC7}"
EndProject
Project("{FAE04EC0-301F-11D3-BF4B-00C04F79EFBC}") = "Unity.Services.Core.Networking", "Unity.Services.Core.Networking.Player.csproj", "{D362164E-13D5-B1CE-2EA5-1ADC52CC3D07}"
EndProject
Project("{FAE04EC0-301F-11D3-BF4B-00C04F79EFBC}") = "Unity.Services.Core.Configuration", "Unity.Services.Core.Configuration.Player.csproj", "{D21FD875-38A2-2A13-BCFD-35FD1F84302B}"
EndProject
Global
	GlobalSection(SolutionConfigurationPlatforms) = preSolution
		Debug|Any CPU = Debug|Any CPU
		Release|Any CPU = Release|Any CPU
	EndGlobalSection
	GlobalSection(ProjectConfigurationPlatforms) = postSolution
		{442C4E98-CA3A-F4EE-E921-FBCEB2413175}.Debug|Any CPU.ActiveCfg = Debug|Any CPU
		{442C4E98-CA3A-F4EE-E921-FBCEB2413175}.Debug|Any CPU.Build.0 = Debug|Any CPU
		{442C4E98-CA3A-F4EE-E921-FBCEB2413175}.Release|Any CPU.ActiveCfg = Release|Any CPU
		{442C4E98-CA3A-F4EE-E921-FBCEB2413175}.Release|Any CPU.Build.0 = Release|Any CPU
		{E2901743-82BA-BEDA-E799-59F76B68A54E}.Debug|Any CPU.ActiveCfg = Debug|Any CPU
		{E2901743-82BA-BEDA-E799-59F76B68A54E}.Debug|Any CPU.Build.0 = Debug|Any CPU
		{E2901743-82BA-BEDA-E799-59F76B68A54E}.Release|Any CPU.ActiveCfg = Release|Any CPU
		{E2901743-82BA-BEDA-E799-59F76B68A54E}.Release|Any CPU.Build.0 = Release|Any CPU
		{8573D7BE-FDA2-B084-6E33-035C6CAF27FD}.Debug|Any CPU.ActiveCfg = Debug|Any CPU
		{8573D7BE-FDA2-B084-6E33-035C6CAF27FD}.Debug|Any CPU.Build.0 = Debug|Any CPU
		{8573D7BE-FDA2-B084-6E33-035C6CAF27FD}.Release|Any CPU.ActiveCfg = Release|Any CPU
		{8573D7BE-FDA2-B084-6E33-035C6CAF27FD}.Release|Any CPU.Build.0 = Release|Any CPU
		{8B82A022-853C-5A64-00C6-C7B99CEB3616}.Debug|Any CPU.ActiveCfg = Debug|Any CPU
		{8B82A022-853C-5A64-00C6-C7B99CEB3616}.Debug|Any CPU.Build.0 = Debug|Any CPU
		{8B82A022-853C-5A64-00C6-C7B99CEB3616}.Release|Any CPU.ActiveCfg = Release|Any CPU
		{8B82A022-853C-5A64-00C6-C7B99CEB3616}.Release|Any CPU.Build.0 = Release|Any CPU
		{636F21ED-16AB-A986-454F-6AEED45E5EBD}.Debug|Any CPU.ActiveCfg = Debug|Any CPU
		{636F21ED-16AB-A986-454F-6AEED45E5EBD}.Debug|Any CPU.Build.0 = Debug|Any CPU
		{636F21ED-16AB-A986-454F-6AEED45E5EBD}.Release|Any CPU.ActiveCfg = Release|Any CPU
		{636F21ED-16AB-A986-454F-6AEED45E5EBD}.Release|Any CPU.Build.0 = Release|Any CPU
		{00EC33B6-9706-491A-801C-2B6737859239}.Debug|Any CPU.ActiveCfg = Debug|Any CPU
		{00EC33B6-9706-491A-801C-2B6737859239}.Debug|Any CPU.Build.0 = Debug|Any CPU
		{00EC33B6-9706-491A-801C-2B6737859239}.Release|Any CPU.ActiveCfg = Release|Any CPU
		{00EC33B6-9706-491A-801C-2B6737859239}.Release|Any CPU.Build.0 = Release|Any CPU
		{512EBA60-E81B-2D1A-4271-1C676571A867}.Debug|Any CPU.ActiveCfg = Debug|Any CPU
		{512EBA60-E81B-2D1A-4271-1C676571A867}.Debug|Any CPU.Build.0 = Debug|Any CPU
		{512EBA60-E81B-2D1A-4271-1C676571A867}.Release|Any CPU.ActiveCfg = Release|Any CPU
		{512EBA60-E81B-2D1A-4271-1C676571A867}.Release|Any CPU.Build.0 = Release|Any CPU
		{76991018-179F-C366-0D2D-154329BD6231}.Debug|Any CPU.ActiveCfg = Debug|Any CPU
		{76991018-179F-C366-0D2D-154329BD6231}.Debug|Any CPU.Build.0 = Debug|Any CPU
		{76991018-179F-C366-0D2D-154329BD6231}.Release|Any CPU.ActiveCfg = Release|Any CPU
		{76991018-179F-C366-0D2D-154329BD6231}.Release|Any CPU.Build.0 = Release|Any CPU
		{CA85D5A2-D4E9-14C4-0B12-5C8B3307BBA6}.Debug|Any CPU.ActiveCfg = Debug|Any CPU
		{CA85D5A2-D4E9-14C4-0B12-5C8B3307BBA6}.Debug|Any CPU.Build.0 = Debug|Any CPU
		{CA85D5A2-D4E9-14C4-0B12-5C8B3307BBA6}.Release|Any CPU.ActiveCfg = Release|Any CPU
		{CA85D5A2-D4E9-14C4-0B12-5C8B3307BBA6}.Release|Any CPU.Build.0 = Release|Any CPU
		{1D9B4A94-DE1A-579D-598E-16CEFB70A772}.Debug|Any CPU.ActiveCfg = Debug|Any CPU
		{1D9B4A94-DE1A-579D-598E-16CEFB70A772}.Debug|Any CPU.Build.0 = Debug|Any CPU
		{1D9B4A94-DE1A-579D-598E-16CEFB70A772}.Release|Any CPU.ActiveCfg = Release|Any CPU
		{1D9B4A94-DE1A-579D-598E-16CEFB70A772}.Release|Any CPU.Build.0 = Release|Any CPU
		{A96D3316-7A0C-BAAB-A4C2-6C86604EDDF2}.Debug|Any CPU.ActiveCfg = Debug|Any CPU
		{A96D3316-7A0C-BAAB-A4C2-6C86604EDDF2}.Debug|Any CPU.Build.0 = Debug|Any CPU
		{A96D3316-7A0C-BAAB-A4C2-6C86604EDDF2}.Release|Any CPU.ActiveCfg = Release|Any CPU
		{A96D3316-7A0C-BAAB-A4C2-6C86604EDDF2}.Release|Any CPU.Build.0 = Release|Any CPU
		{EE138C8D-BC55-FE9F-1C81-06F202CF7A8F}.Debug|Any CPU.ActiveCfg = Debug|Any CPU
		{EE138C8D-BC55-FE9F-1C81-06F202CF7A8F}.Debug|Any CPU.Build.0 = Debug|Any CPU
		{EE138C8D-BC55-FE9F-1C81-06F202CF7A8F}.Release|Any CPU.ActiveCfg = Release|Any CPU
		{EE138C8D-BC55-FE9F-1C81-06F202CF7A8F}.Release|Any CPU.Build.0 = Release|Any CPU
		{1736CA91-50A7-5E88-4C5D-437A3E6B1033}.Debug|Any CPU.ActiveCfg = Debug|Any CPU
		{1736CA91-50A7-5E88-4C5D-437A3E6B1033}.Debug|Any CPU.Build.0 = Debug|Any CPU
		{1736CA91-50A7-5E88-4C5D-437A3E6B1033}.Release|Any CPU.ActiveCfg = Release|Any CPU
		{1736CA91-50A7-5E88-4C5D-437A3E6B1033}.Release|Any CPU.Build.0 = Release|Any CPU
		{E7EB8A68-7A22-F819-41EE-297CD1384F69}.Debug|Any CPU.ActiveCfg = Debug|Any CPU
		{E7EB8A68-7A22-F819-41EE-297CD1384F69}.Debug|Any CPU.Build.0 = Debug|Any CPU
		{E7EB8A68-7A22-F819-41EE-297CD1384F69}.Release|Any CPU.ActiveCfg = Release|Any CPU
		{E7EB8A68-7A22-F819-41EE-297CD1384F69}.Release|Any CPU.Build.0 = Release|Any CPU
		{6ECB463E-9054-595B-0BF3-056E83A2C91B}.Debug|Any CPU.ActiveCfg = Debug|Any CPU
		{6ECB463E-9054-595B-0BF3-056E83A2C91B}.Debug|Any CPU.Build.0 = Debug|Any CPU
		{6ECB463E-9054-595B-0BF3-056E83A2C91B}.Release|Any CPU.ActiveCfg = Release|Any CPU
		{6ECB463E-9054-595B-0BF3-056E83A2C91B}.Release|Any CPU.Build.0 = Release|Any CPU
		{48805E46-6013-A51A-6121-18AE3B107B8E}.Debug|Any CPU.ActiveCfg = Debug|Any CPU
		{48805E46-6013-A51A-6121-18AE3B107B8E}.Debug|Any CPU.Build.0 = Debug|Any CPU
		{48805E46-6013-A51A-6121-18AE3B107B8E}.Release|Any CPU.ActiveCfg = Release|Any CPU
		{48805E46-6013-A51A-6121-18AE3B107B8E}.Release|Any CPU.Build.0 = Release|Any CPU
		{7C88EEE1-AC03-C718-2164-CE1788455895}.Debug|Any CPU.ActiveCfg = Debug|Any CPU
		{7C88EEE1-AC03-C718-2164-CE1788455895}.Debug|Any CPU.Build.0 = Debug|Any CPU
		{7C88EEE1-AC03-C718-2164-CE1788455895}.Release|Any CPU.ActiveCfg = Release|Any CPU
		{7C88EEE1-AC03-C718-2164-CE1788455895}.Release|Any CPU.Build.0 = Release|Any CPU
		{C74FEC7B-9B66-32D2-092C-76567451E8EE}.Debug|Any CPU.ActiveCfg = Debug|Any CPU
		{C74FEC7B-9B66-32D2-092C-76567451E8EE}.Debug|Any CPU.Build.0 = Debug|Any CPU
		{C74FEC7B-9B66-32D2-092C-76567451E8EE}.Release|Any CPU.ActiveCfg = Release|Any CPU
		{C74FEC7B-9B66-32D2-092C-76567451E8EE}.Release|Any CPU.Build.0 = Release|Any CPU
		{E35F8313-A61A-E1EE-81AE-D57C4178B6AE}.Debug|Any CPU.ActiveCfg = Debug|Any CPU
		{E35F8313-A61A-E1EE-81AE-D57C4178B6AE}.Debug|Any CPU.Build.0 = Debug|Any CPU
		{E35F8313-A61A-E1EE-81AE-D57C4178B6AE}.Release|Any CPU.ActiveCfg = Release|Any CPU
		{E35F8313-A61A-E1EE-81AE-D57C4178B6AE}.Release|Any CPU.Build.0 = Release|Any CPU
		{2FD47990-DD06-355E-F56C-51D49DEFE4B8}.Debug|Any CPU.ActiveCfg = Debug|Any CPU
		{2FD47990-DD06-355E-F56C-51D49DEFE4B8}.Debug|Any CPU.Build.0 = Debug|Any CPU
		{2FD47990-DD06-355E-F56C-51D49DEFE4B8}.Release|Any CPU.ActiveCfg = Release|Any CPU
		{2FD47990-DD06-355E-F56C-51D49DEFE4B8}.Release|Any CPU.Build.0 = Release|Any CPU
		{7109CE42-90E2-C644-F662-4172FDC1FABC}.Debug|Any CPU.ActiveCfg = Debug|Any CPU
		{7109CE42-90E2-C644-F662-4172FDC1FABC}.Debug|Any CPU.Build.0 = Debug|Any CPU
		{7109CE42-90E2-C644-F662-4172FDC1FABC}.Release|Any CPU.ActiveCfg = Release|Any CPU
		{7109CE42-90E2-C644-F662-4172FDC1FABC}.Release|Any CPU.Build.0 = Release|Any CPU
		{ABBF2115-3D6D-278D-6491-F9FF32F15D98}.Debug|Any CPU.ActiveCfg = Debug|Any CPU
		{ABBF2115-3D6D-278D-6491-F9FF32F15D98}.Debug|Any CPU.Build.0 = Debug|Any CPU
		{ABBF2115-3D6D-278D-6491-F9FF32F15D98}.Release|Any CPU.ActiveCfg = Release|Any CPU
		{ABBF2115-3D6D-278D-6491-F9FF32F15D98}.Release|Any CPU.Build.0 = Release|Any CPU
		{403EE4E7-D28E-8FFA-2707-71DC84839E19}.Debug|Any CPU.ActiveCfg = Debug|Any CPU
		{403EE4E7-D28E-8FFA-2707-71DC84839E19}.Debug|Any CPU.Build.0 = Debug|Any CPU
		{403EE4E7-D28E-8FFA-2707-71DC84839E19}.Release|Any CPU.ActiveCfg = Release|Any CPU
		{403EE4E7-D28E-8FFA-2707-71DC84839E19}.Release|Any CPU.Build.0 = Release|Any CPU
		{30F01882-1C76-EC01-018D-75F96E70FC91}.Debug|Any CPU.ActiveCfg = Debug|Any CPU
		{30F01882-1C76-EC01-018D-75F96E70FC91}.Debug|Any CPU.Build.0 = Debug|Any CPU
		{30F01882-1C76-EC01-018D-75F96E70FC91}.Release|Any CPU.ActiveCfg = Release|Any CPU
		{30F01882-1C76-EC01-018D-75F96E70FC91}.Release|Any CPU.Build.0 = Release|Any CPU
		{4C586DB3-1C70-4867-4587-8BBDD7E5C8E7}.Debug|Any CPU.ActiveCfg = Debug|Any CPU
		{4C586DB3-1C70-4867-4587-8BBDD7E5C8E7}.Debug|Any CPU.Build.0 = Debug|Any CPU
		{4C586DB3-1C70-4867-4587-8BBDD7E5C8E7}.Release|Any CPU.ActiveCfg = Release|Any CPU
		{4C586DB3-1C70-4867-4587-8BBDD7E5C8E7}.Release|Any CPU.Build.0 = Release|Any CPU
		{B3AE4CE8-8037-4302-CD94-7ACAF89D8EEF}.Debug|Any CPU.ActiveCfg = Debug|Any CPU
		{B3AE4CE8-8037-4302-CD94-7ACAF89D8EEF}.Debug|Any CPU.Build.0 = Debug|Any CPU
		{B3AE4CE8-8037-4302-CD94-7ACAF89D8EEF}.Release|Any CPU.ActiveCfg = Release|Any CPU
		{B3AE4CE8-8037-4302-CD94-7ACAF89D8EEF}.Release|Any CPU.Build.0 = Release|Any CPU
		{4D46F5AE-5ECA-C7BC-6BA1-6A4B76BE1ABE}.Debug|Any CPU.ActiveCfg = Debug|Any CPU
		{4D46F5AE-5ECA-C7BC-6BA1-6A4B76BE1ABE}.Debug|Any CPU.Build.0 = Debug|Any CPU
		{4D46F5AE-5ECA-C7BC-6BA1-6A4B76BE1ABE}.Release|Any CPU.ActiveCfg = Release|Any CPU
		{4D46F5AE-5ECA-C7BC-6BA1-6A4B76BE1ABE}.Release|Any CPU.Build.0 = Release|Any CPU
		{6829B795-75D1-39F2-6F33-462C175CBE36}.Debug|Any CPU.ActiveCfg = Debug|Any CPU
		{6829B795-75D1-39F2-6F33-462C175CBE36}.Debug|Any CPU.Build.0 = Debug|Any CPU
		{6829B795-75D1-39F2-6F33-462C175CBE36}.Release|Any CPU.ActiveCfg = Release|Any CPU
		{6829B795-75D1-39F2-6F33-462C175CBE36}.Release|Any CPU.Build.0 = Release|Any CPU
		{F3DD38D3-3BAD-69FF-2F1D-2DEE8BA3B08D}.Debug|Any CPU.ActiveCfg = Debug|Any CPU
		{F3DD38D3-3BAD-69FF-2F1D-2DEE8BA3B08D}.Debug|Any CPU.Build.0 = Debug|Any CPU
		{F3DD38D3-3BAD-69FF-2F1D-2DEE8BA3B08D}.Release|Any CPU.ActiveCfg = Release|Any CPU
		{F3DD38D3-3BAD-69FF-2F1D-2DEE8BA3B08D}.Release|Any CPU.Build.0 = Release|Any CPU
		{C7AD27A2-7F21-7665-515B-B6F5360E4E25}.Debug|Any CPU.ActiveCfg = Debug|Any CPU
		{C7AD27A2-7F21-7665-515B-B6F5360E4E25}.Debug|Any CPU.Build.0 = Debug|Any CPU
		{C7AD27A2-7F21-7665-515B-B6F5360E4E25}.Release|Any CPU.ActiveCfg = Release|Any CPU
		{C7AD27A2-7F21-7665-515B-B6F5360E4E25}.Release|Any CPU.Build.0 = Release|Any CPU
		{DFDB983D-1903-B400-6F72-6AFA72335402}.Debug|Any CPU.ActiveCfg = Debug|Any CPU
		{DFDB983D-1903-B400-6F72-6AFA72335402}.Debug|Any CPU.Build.0 = Debug|Any CPU
		{DFDB983D-1903-B400-6F72-6AFA72335402}.Release|Any CPU.ActiveCfg = Release|Any CPU
		{DFDB983D-1903-B400-6F72-6AFA72335402}.Release|Any CPU.Build.0 = Release|Any CPU
		{D7863C4A-12B8-CE1C-D2AB-BA892A26B606}.Debug|Any CPU.ActiveCfg = Debug|Any CPU
		{D7863C4A-12B8-CE1C-D2AB-BA892A26B606}.Debug|Any CPU.Build.0 = Debug|Any CPU
		{D7863C4A-12B8-CE1C-D2AB-BA892A26B606}.Release|Any CPU.ActiveCfg = Release|Any CPU
		{D7863C4A-12B8-CE1C-D2AB-BA892A26B606}.Release|Any CPU.Build.0 = Release|Any CPU
		{63FD95BB-E401-52AF-699E-E85FA0F730F9}.Debug|Any CPU.ActiveCfg = Debug|Any CPU
		{63FD95BB-E401-52AF-699E-E85FA0F730F9}.Debug|Any CPU.Build.0 = Debug|Any CPU
		{63FD95BB-E401-52AF-699E-E85FA0F730F9}.Release|Any CPU.ActiveCfg = Release|Any CPU
		{63FD95BB-E401-52AF-699E-E85FA0F730F9}.Release|Any CPU.Build.0 = Release|Any CPU
		{15210F7A-F1DB-2426-E706-FD1F91BC6CDE}.Debug|Any CPU.ActiveCfg = Debug|Any CPU
		{15210F7A-F1DB-2426-E706-FD1F91BC6CDE}.Debug|Any CPU.Build.0 = Debug|Any CPU
		{15210F7A-F1DB-2426-E706-FD1F91BC6CDE}.Release|Any CPU.ActiveCfg = Release|Any CPU
		{15210F7A-F1DB-2426-E706-FD1F91BC6CDE}.Release|Any CPU.Build.0 = Release|Any CPU
		{00E9D7AC-0A38-C25E-4A63-34710EDF5515}.Debug|Any CPU.ActiveCfg = Debug|Any CPU
		{00E9D7AC-0A38-C25E-4A63-34710EDF5515}.Debug|Any CPU.Build.0 = Debug|Any CPU
		{00E9D7AC-0A38-C25E-4A63-34710EDF5515}.Release|Any CPU.ActiveCfg = Release|Any CPU
		{00E9D7AC-0A38-C25E-4A63-34710EDF5515}.Release|Any CPU.Build.0 = Release|Any CPU
		{137D160E-DD88-A253-0B77-38ED17439089}.Debug|Any CPU.ActiveCfg = Debug|Any CPU
		{137D160E-DD88-A253-0B77-38ED17439089}.Debug|Any CPU.Build.0 = Debug|Any CPU
		{137D160E-DD88-A253-0B77-38ED17439089}.Release|Any CPU.ActiveCfg = Release|Any CPU
		{137D160E-DD88-A253-0B77-38ED17439089}.Release|Any CPU.Build.0 = Release|Any CPU
		{D650A94D-332B-63BF-6258-A2A30DC704B4}.Debug|Any CPU.ActiveCfg = Debug|Any CPU
		{D650A94D-332B-63BF-6258-A2A30DC704B4}.Debug|Any CPU.Build.0 = Debug|Any CPU
		{D650A94D-332B-63BF-6258-A2A30DC704B4}.Release|Any CPU.ActiveCfg = Release|Any CPU
		{D650A94D-332B-63BF-6258-A2A30DC704B4}.Release|Any CPU.Build.0 = Release|Any CPU
		{56D28CEC-0B10-C804-EF12-DB60F07A6DFE}.Debug|Any CPU.ActiveCfg = Debug|Any CPU
		{56D28CEC-0B10-C804-EF12-DB60F07A6DFE}.Debug|Any CPU.Build.0 = Debug|Any CPU
		{56D28CEC-0B10-C804-EF12-DB60F07A6DFE}.Release|Any CPU.ActiveCfg = Release|Any CPU
		{56D28CEC-0B10-C804-EF12-DB60F07A6DFE}.Release|Any CPU.Build.0 = Release|Any CPU
		{72BA2F72-71E1-B23A-4E59-BF1BB7BA3B7A}.Debug|Any CPU.ActiveCfg = Debug|Any CPU
		{72BA2F72-71E1-B23A-4E59-BF1BB7BA3B7A}.Debug|Any CPU.Build.0 = Debug|Any CPU
		{72BA2F72-71E1-B23A-4E59-BF1BB7BA3B7A}.Release|Any CPU.ActiveCfg = Release|Any CPU
		{72BA2F72-71E1-B23A-4E59-BF1BB7BA3B7A}.Release|Any CPU.Build.0 = Release|Any CPU
		{FC1C3B27-3EEE-FE11-D6C9-FD9B96AD4F32}.Debug|Any CPU.ActiveCfg = Debug|Any CPU
		{FC1C3B27-3EEE-FE11-D6C9-FD9B96AD4F32}.Debug|Any CPU.Build.0 = Debug|Any CPU
		{FC1C3B27-3EEE-FE11-D6C9-FD9B96AD4F32}.Release|Any CPU.ActiveCfg = Release|Any CPU
		{FC1C3B27-3EEE-FE11-D6C9-FD9B96AD4F32}.Release|Any CPU.Build.0 = Release|Any CPU
		{BA57D7AD-19C3-AF43-DE7E-D60CA0AAD502}.Debug|Any CPU.ActiveCfg = Debug|Any CPU
		{BA57D7AD-19C3-AF43-DE7E-D60CA0AAD502}.Debug|Any CPU.Build.0 = Debug|Any CPU
		{BA57D7AD-19C3-AF43-DE7E-D60CA0AAD502}.Release|Any CPU.ActiveCfg = Release|Any CPU
		{BA57D7AD-19C3-AF43-DE7E-D60CA0AAD502}.Release|Any CPU.Build.0 = Release|Any CPU
		{6B1CCD71-69A7-9D4C-02D1-1710C519A498}.Debug|Any CPU.ActiveCfg = Debug|Any CPU
		{6B1CCD71-69A7-9D4C-02D1-1710C519A498}.Debug|Any CPU.Build.0 = Debug|Any CPU
		{6B1CCD71-69A7-9D4C-02D1-1710C519A498}.Release|Any CPU.ActiveCfg = Release|Any CPU
		{6B1CCD71-69A7-9D4C-02D1-1710C519A498}.Release|Any CPU.Build.0 = Release|Any CPU
		{EDCBE99B-865F-9CD6-8FD7-010A94F5EF7E}.Debug|Any CPU.ActiveCfg = Debug|Any CPU
		{EDCBE99B-865F-9CD6-8FD7-010A94F5EF7E}.Debug|Any CPU.Build.0 = Debug|Any CPU
		{EDCBE99B-865F-9CD6-8FD7-010A94F5EF7E}.Release|Any CPU.ActiveCfg = Release|Any CPU
		{EDCBE99B-865F-9CD6-8FD7-010A94F5EF7E}.Release|Any CPU.Build.0 = Release|Any CPU
		{B6376DCA-0D54-C15D-39C8-0DF734E66565}.Debug|Any CPU.ActiveCfg = Debug|Any CPU
		{B6376DCA-0D54-C15D-39C8-0DF734E66565}.Debug|Any CPU.Build.0 = Debug|Any CPU
		{B6376DCA-0D54-C15D-39C8-0DF734E66565}.Release|Any CPU.ActiveCfg = Release|Any CPU
		{B6376DCA-0D54-C15D-39C8-0DF734E66565}.Release|Any CPU.Build.0 = Release|Any CPU
		{66422020-5D27-C445-0205-41C78D88A526}.Debug|Any CPU.ActiveCfg = Debug|Any CPU
		{66422020-5D27-C445-0205-41C78D88A526}.Debug|Any CPU.Build.0 = Debug|Any CPU
		{66422020-5D27-C445-0205-41C78D88A526}.Release|Any CPU.ActiveCfg = Release|Any CPU
		{66422020-5D27-C445-0205-41C78D88A526}.Release|Any CPU.Build.0 = Release|Any CPU
		{8C4E8F61-8237-26D2-D070-44DDAE5945E7}.Debug|Any CPU.ActiveCfg = Debug|Any CPU
		{8C4E8F61-8237-26D2-D070-44DDAE5945E7}.Debug|Any CPU.Build.0 = Debug|Any CPU
		{8C4E8F61-8237-26D2-D070-44DDAE5945E7}.Release|Any CPU.ActiveCfg = Release|Any CPU
		{8C4E8F61-8237-26D2-D070-44DDAE5945E7}.Release|Any CPU.Build.0 = Release|Any CPU
		{CE20AA4D-F3FB-4008-3943-CDEA8DD37A70}.Debug|Any CPU.ActiveCfg = Debug|Any CPU
		{CE20AA4D-F3FB-4008-3943-CDEA8DD37A70}.Debug|Any CPU.Build.0 = Debug|Any CPU
		{CE20AA4D-F3FB-4008-3943-CDEA8DD37A70}.Release|Any CPU.ActiveCfg = Release|Any CPU
		{CE20AA4D-F3FB-4008-3943-CDEA8DD37A70}.Release|Any CPU.Build.0 = Release|Any CPU
		{CF10D0A0-806A-BA39-4E64-A2EBFC5D99C9}.Debug|Any CPU.ActiveCfg = Debug|Any CPU
		{CF10D0A0-806A-BA39-4E64-A2EBFC5D99C9}.Debug|Any CPU.Build.0 = Debug|Any CPU
		{CF10D0A0-806A-BA39-4E64-A2EBFC5D99C9}.Release|Any CPU.ActiveCfg = Release|Any CPU
		{CF10D0A0-806A-BA39-4E64-A2EBFC5D99C9}.Release|Any CPU.Build.0 = Release|Any CPU
		{A92A570B-FD9E-6B2F-C143-3AB4FE8D8254}.Debug|Any CPU.ActiveCfg = Debug|Any CPU
		{A92A570B-FD9E-6B2F-C143-3AB4FE8D8254}.Debug|Any CPU.Build.0 = Debug|Any CPU
		{A92A570B-FD9E-6B2F-C143-3AB4FE8D8254}.Release|Any CPU.ActiveCfg = Release|Any CPU
		{A92A570B-FD9E-6B2F-C143-3AB4FE8D8254}.Release|Any CPU.Build.0 = Release|Any CPU
		{CC6B6B38-BEBC-C6EF-2B6F-833C461CD172}.Debug|Any CPU.ActiveCfg = Debug|Any CPU
		{CC6B6B38-BEBC-C6EF-2B6F-833C461CD172}.Debug|Any CPU.Build.0 = Debug|Any CPU
		{CC6B6B38-BEBC-C6EF-2B6F-833C461CD172}.Release|Any CPU.ActiveCfg = Release|Any CPU
		{CC6B6B38-BEBC-C6EF-2B6F-833C461CD172}.Release|Any CPU.Build.0 = Release|Any CPU
		{EC54C2F4-1600-056B-5B9A-54304D963B2D}.Debug|Any CPU.ActiveCfg = Debug|Any CPU
		{EC54C2F4-1600-056B-5B9A-54304D963B2D}.Debug|Any CPU.Build.0 = Debug|Any CPU
		{EC54C2F4-1600-056B-5B9A-54304D963B2D}.Release|Any CPU.ActiveCfg = Release|Any CPU
		{EC54C2F4-1600-056B-5B9A-54304D963B2D}.Release|Any CPU.Build.0 = Release|Any CPU
		{3D14C321-4028-8D7D-4A45-E73B18F1C669}.Debug|Any CPU.ActiveCfg = Debug|Any CPU
		{3D14C321-4028-8D7D-4A45-E73B18F1C669}.Debug|Any CPU.Build.0 = Debug|Any CPU
		{3D14C321-4028-8D7D-4A45-E73B18F1C669}.Release|Any CPU.ActiveCfg = Release|Any CPU
		{3D14C321-4028-8D7D-4A45-E73B18F1C669}.Release|Any CPU.Build.0 = Release|Any CPU
		{39BC34A9-3C9A-2526-CF30-B1E67F882D05}.Debug|Any CPU.ActiveCfg = Debug|Any CPU
		{39BC34A9-3C9A-2526-CF30-B1E67F882D05}.Debug|Any CPU.Build.0 = Debug|Any CPU
		{39BC34A9-3C9A-2526-CF30-B1E67F882D05}.Release|Any CPU.ActiveCfg = Release|Any CPU
		{39BC34A9-3C9A-2526-CF30-B1E67F882D05}.Release|Any CPU.Build.0 = Release|Any CPU
		{94F6E51B-4E3E-9BDB-CA8D-320E063CE85F}.Debug|Any CPU.ActiveCfg = Debug|Any CPU
		{94F6E51B-4E3E-9BDB-CA8D-320E063CE85F}.Debug|Any CPU.Build.0 = Debug|Any CPU
		{94F6E51B-4E3E-9BDB-CA8D-320E063CE85F}.Release|Any CPU.ActiveCfg = Release|Any CPU
		{94F6E51B-4E3E-9BDB-CA8D-320E063CE85F}.Release|Any CPU.Build.0 = Release|Any CPU
		{3EBB81BD-ECEE-EFBE-89EA-AEA30E70842B}.Debug|Any CPU.ActiveCfg = Debug|Any CPU
		{3EBB81BD-ECEE-EFBE-89EA-AEA30E70842B}.Debug|Any CPU.Build.0 = Debug|Any CPU
		{3EBB81BD-ECEE-EFBE-89EA-AEA30E70842B}.Release|Any CPU.ActiveCfg = Release|Any CPU
		{3EBB81BD-ECEE-EFBE-89EA-AEA30E70842B}.Release|Any CPU.Build.0 = Release|Any CPU
		{8E36221A-C32C-A162-3ED3-7C42C1A6111B}.Debug|Any CPU.ActiveCfg = Debug|Any CPU
		{8E36221A-C32C-A162-3ED3-7C42C1A6111B}.Debug|Any CPU.Build.0 = Debug|Any CPU
		{8E36221A-C32C-A162-3ED3-7C42C1A6111B}.Release|Any CPU.ActiveCfg = Release|Any CPU
		{8E36221A-C32C-A162-3ED3-7C42C1A6111B}.Release|Any CPU.Build.0 = Release|Any CPU
		{72EA941B-1BBD-657E-0CB5-4C4FB06A4A8D}.Debug|Any CPU.ActiveCfg = Debug|Any CPU
		{72EA941B-1BBD-657E-0CB5-4C4FB06A4A8D}.Debug|Any CPU.Build.0 = Debug|Any CPU
		{72EA941B-1BBD-657E-0CB5-4C4FB06A4A8D}.Release|Any CPU.ActiveCfg = Release|Any CPU
		{72EA941B-1BBD-657E-0CB5-4C4FB06A4A8D}.Release|Any CPU.Build.0 = Release|Any CPU
		{CDB4D926-4BF6-11DA-99DF-DD82EDA10BC7}.Debug|Any CPU.ActiveCfg = Debug|Any CPU
		{CDB4D926-4BF6-11DA-99DF-DD82EDA10BC7}.Debug|Any CPU.Build.0 = Debug|Any CPU
		{CDB4D926-4BF6-11DA-99DF-DD82EDA10BC7}.Release|Any CPU.ActiveCfg = Release|Any CPU
		{CDB4D926-4BF6-11DA-99DF-DD82EDA10BC7}.Release|Any CPU.Build.0 = Release|Any CPU
		{D362164E-13D5-B1CE-2EA5-1ADC52CC3D07}.Debug|Any CPU.ActiveCfg = Debug|Any CPU
		{D362164E-13D5-B1CE-2EA5-1ADC52CC3D07}.Debug|Any CPU.Build.0 = Debug|Any CPU
		{D362164E-13D5-B1CE-2EA5-1ADC52CC3D07}.Release|Any CPU.ActiveCfg = Release|Any CPU
		{D362164E-13D5-B1CE-2EA5-1ADC52CC3D07}.Release|Any CPU.Build.0 = Release|Any CPU
		{D21FD875-38A2-2A13-BCFD-35FD1F84302B}.Debug|Any CPU.ActiveCfg = Debug|Any CPU
		{D21FD875-38A2-2A13-BCFD-35FD1F84302B}.Debug|Any CPU.Build.0 = Debug|Any CPU
		{D21FD875-38A2-2A13-BCFD-35FD1F84302B}.Release|Any CPU.ActiveCfg = Release|Any CPU
		{D21FD875-38A2-2A13-BCFD-35FD1F84302B}.Release|Any CPU.Build.0 = Release|Any CPU
	EndGlobalSection
	GlobalSection(SolutionProperties) = preSolution
		HideSolutionNode = FALSE
	EndGlobalSection
EndGlobal
